
Microsoft Visual Studio Solution File, Format Version 12.00
# Visual Studio 14
VisualStudioVersion = 14.0.25420.1
MinimumVisualStudioVersion = 10.0.40219.1
Project("{FAE04EC0-301F-11D3-BF4B-00C04F79EFBC}") = "DigitalNumbers", "DigitalNumbers\DigitalNumbers.csproj", "{911D827C-47B3-4B54-843C-C5CCEECEA159}"
EndProject
Project("{FAE04EC0-301F-11D3-BF4B-00C04F79EFBC}") = "DigitNumbers.Test", "DigitNumbers.Test\DigitNumbers.Test.csproj", "{370097AB-F20A-4E3C-A366-104BE13781D1}"
EndProject
Global
	GlobalSection(SolutionConfigurationPlatforms) = preSolution
		Debug|Any CPU = Debug|Any CPU
		Release|Any CPU = Release|Any CPU
	EndGlobalSection
	GlobalSection(ProjectConfigurationPlatforms) = postSolution
		{911D827C-47B3-4B54-843C-C5CCEECEA159}.Debug|Any CPU.ActiveCfg = Debug|Any CPU
		{911D827C-47B3-4B54-843C-C5CCEECEA159}.Debug|Any CPU.Build.0 = Debug|Any CPU
		{911D827C-47B3-4B54-843C-C5CCEECEA159}.Release|Any CPU.ActiveCfg = Release|Any CPU
		{911D827C-47B3-4B54-843C-C5CCEECEA159}.Release|Any CPU.Build.0 = Release|Any CPU
		{370097AB-F20A-4E3C-A366-104BE13781D1}.Debug|Any CPU.ActiveCfg = Debug|Any CPU
		{370097AB-F20A-4E3C-A366-104BE13781D1}.Debug|Any CPU.Build.0 = Debug|Any CPU
		{370097AB-F20A-4E3C-A366-104BE13781D1}.Release|Any CPU.ActiveCfg = Release|Any CPU
		{370097AB-F20A-4E3C-A366-104BE13781D1}.Release|Any CPU.Build.0 = Release|Any CPU
	EndGlobalSection
	GlobalSection(SolutionProperties) = preSolution
		HideSolutionNode = FALSE
	EndGlobalSection
EndGlobal
